
Microsoft Visual Studio Solution File, Format Version 12.00
# Visual Studio Version 17
VisualStudioVersion = 17.14.37012.4
MinimumVisualStudioVersion = 10.0.40219.1
Project("{2150E333-8FDC-42A3-9474-1A3956D46DE8}") = "Solution Items", "Solution Items", "{8EC462FD-D22E-90A8-E5CE-7E832BA40C5D}"
	ProjectSection(SolutionItems) = preProject
		docker-compose.yml = docker-compose.yml
		mosquitto.conf = mosquitto.conf
	EndProjectSection
EndProject
Project("{FAE04EC0-301F-11D3-BF4B-00C04F79EFBC}") = "SmartCityIotDemo.Api", "SmartCityIotDemo.Api\SmartCityIotDemo.Api.csproj", "{ECC9B509-55FE-4E7C-8CC1-8A1B814210AA}"
EndProject
Project("{FAE04EC0-301F-11D3-BF4B-00C04F79EFBC}") = "SmartCityIotDemo.DeviceSimulator", "SmartCityIotDemo.DeviceSimulator\SmartCityIotDemo.DeviceSimulator.csproj", "{FE637223-268A-4D42-AC9B-B0BCA4E7B551}"
EndProject
Global
	GlobalSection(SolutionConfigurationPlatforms) = preSolution
		Debug|Any CPU = Debug|Any CPU
		Release|Any CPU = Release|Any CPU
	EndGlobalSection
	GlobalSection(ProjectConfigurationPlatforms) = postSolution
		{ECC9B509-55FE-4E7C-8CC1-8A1B814210AA}.Debug|Any CPU.ActiveCfg = Debug|Any CPU
		{ECC9B509-55FE-4E7C-8CC1-8A1B814210AA}.Debug|Any CPU.Build.0 = Debug|Any CPU
		{ECC9B509-55FE-4E7C-8CC1-8A1B814210AA}.Release|Any CPU.ActiveCfg = Release|Any CPU
		{ECC9B509-55FE-4E7C-8CC1-8A1B814210AA}.Release|Any CPU.Build.0 = Release|Any CPU
		{FE637223-268A-4D42-AC9B-B0BCA4E7B551}.Debug|Any CPU.ActiveCfg = Debug|Any CPU
		{FE637223-268A-4D42-AC9B-B0BCA4E7B551}.Debug|Any CPU.Build.0 = Debug|Any CPU
		{FE637223-268A-4D42-AC9B-B0BCA4E7B551}.Release|Any CPU.ActiveCfg = Release|Any CPU
		{FE637223-268A-4D42-AC9B-B0BCA4E7B551}.Release|Any CPU.Build.0 = Release|Any CPU
	EndGlobalSection
	GlobalSection(SolutionProperties) = preSolution
		HideSolutionNode = FALSE
	EndGlobalSection
	GlobalSection(ExtensibilityGlobals) = postSolution
		SolutionGuid = {161700DE-99EE-4428-8D99-C681C981CBD1}
	EndGlobalSection
EndGlobal
